{
  "nodes": {
    "nixpkgs": {
      "locked": {
        "lastModified": 1776169885,
        "narHash": "sha256-l/iNYDZ4bGOAFQY2q8y5OAfBBtrDAaPuRQqWaFHVRXM=",
        "owner": "NixOS",
        "repo": "nixpkgs",
        "rev": "4bd9165a9165d7b5e33ae57f3eecbcb28fb231c9",
        "type": "github"
      },
      "original": {
        "owner": "NixOS",
        "ref": "nixos-unstable",
        "repo": "nixpkgs",
        "type": "github"
      }
    },
    "piGeckoWebsearch": {
      "inputs": {
        "nixpkgs": [
          "nixpkgs"
        ]
      },
      "locked": {
        "path": "./extensions/pi-gecko-websearch",
        "type": "path"
      },
      "original": {
        "path": "./extensions/pi-gecko-websearch",
        "type": "path"
      },
      "parent": []
    },
    "piHashline": {
      "inputs": {
        "nixpkgs": [
          "nixpkgs"
        ]
      },
      "locked": {
        "path": "./extensions/pi-hashline",
        "type": "path"
      },
      "original": {
        "path": "./extensions/pi-hashline",
        "type": "path"
      },
      "parent": []
    },
    "piInterview": {
      "inputs": {
        "nixpkgs": [
          "nixpkgs"
        ]
      },
      "locked": {
        "path": "./extensions/pi-interview",
        "type": "path"
      },
      "original": {
        "path": "./extensions/pi-interview",
        "type": "path"
      },
      "parent": []
    },
    "piKimi": {
      "inputs": {
        "nixpkgs": [
          "nixpkgs"
        ]
      },
      "locked": {
        "path": "./extensions/pi-kimi",
        "type": "path"
      },
      "original": {
        "path": "./extensions/pi-kimi",
        "type": "path"
      },
      "parent": []
    },
    "piMinimal": {
      "inputs": {
        "nixpkgs": [
          "nixpkgs"
        ]
      },
      "locked": {
        "path": "./extensions/pi-minimal",
        "type": "path"
      },
      "original": {
        "path": "./extensions/pi-minimal",
        "type": "path"
      },
      "parent": []
    },
    "piRtk": {
      "inputs": {
        "nixpkgs": [
          "nixpkgs"
        ]
      },
      "locked": {
        "path": "./extensions/pi-rtk",
        "type": "path"
      },
      "original": {
        "path": "./extensions/pi-rtk",
        "type": "path"
      },
      "parent": []
    },
    "piSrc": {
      "flake": false,
      "locked": {
        "lastModified": 1784746415,
        "narHash": "sha256-XtsURjCoGiBwQG79nAlVAbShDUfLq9zKhDGpSDiS4CA=",
        "owner": "earendil-works",
        "repo": "pi",
        "rev": "ecb9410c5c5c3f8c0f0f444f386043276b9f0d3a",
        "type": "github"
      },
      "original": {
        "owner": "earendil-works",
        "ref": "main",
        "repo": "pi",
        "type": "github"
      }
    },
    "piToolManagement": {
      "inputs": {
        "nixpkgs": [
          "nixpkgs"
        ]
      },
      "locked": {
        "path": "./extensions/pi-tool-management",
        "type": "path"
      },
      "original": {
        "path": "./extensions/pi-tool-management",
        "type": "path"
      },
      "parent": []
    },
    "piWebfetch": {
      "inputs": {
        "nixpkgs": [
          "nixpkgs"
        ]
      },
      "locked": {
        "path": "./extensions/pi-webfetch",
        "type": "path"
      },
      "original": {
        "path": "./extensions/pi-webfetch",
        "type": "path"
      },
      "parent": []
    },
    "root": {
      "inputs": {
        "nixpkgs": "nixpkgs",
        "piGeckoWebsearch": "piGeckoWebsearch",
        "piHashline": "piHashline",
        "piInterview": "piInterview",
        "piKimi": "piKimi",
        "piMinimal": "piMinimal",
        "piRtk": "piRtk",
        "piSrc": "piSrc",
        "piToolManagement": "piToolManagement",
        "piWebfetch": "piWebfetch"
      }
    }
  },
  "root": "root",
  "version": 7
}
