{
  "nodes": {
    "engramSrc": {
      "flake": false,
      "locked": {
        "lastModified": 1785814370,
        "narHash": "sha256-BK0ZBVkvRXzBjFQEI7pnLhjZ/B+1rH84z4ciOyxX/AE=",
        "owner": "nagisanzenin",
        "repo": "engram",
        "rev": "d0a61cd671301ce7fe05d46616d1fbc7e2af6382",
        "type": "github"
      },
      "original": {
        "owner": "nagisanzenin",
        "repo": "engram",
        "type": "github"
      }
    },
    "nixpkgs": {
      "locked": {
        "lastModified": 1784796856,
        "narHash": "sha256-wWFrV5/Qbm+lyt5x20E/bSbfJiGKMo4RCxZV8cl/WZI=",
        "owner": "NixOS",
        "repo": "nixpkgs",
        "rev": "e2587caef70cea85dd97d7daab492899902dbf5d",
        "type": "github"
      },
      "original": {
        "owner": "NixOS",
        "ref": "nixos-unstable",
        "repo": "nixpkgs",
        "type": "github"
      }
    },
    "piSrc": {
      "flake": false,
      "locked": {
        "lastModified": 1785849563,
        "narHash": "sha256-r0fw5PajbkvRWO84mc13incvvHEvebn9oAa0F8WLBjw=",
        "owner": "earendil-works",
        "repo": "pi",
        "rev": "04133eb01b082248f7d667c1214e09477a1c3db1",
        "type": "github"
      },
      "original": {
        "owner": "earendil-works",
        "ref": "main",
        "repo": "pi",
        "type": "github"
      }
    },
    "root": {
      "inputs": {
        "engramSrc": "engramSrc",
        "nixpkgs": "nixpkgs",
        "piSrc": "piSrc"
      }
    }
  },
  "root": "root",
  "version": 7
}
