{
  "nodes": {
    "nixpkgs": {
      "locked": {
        "lastModified": 1786247143,
        "narHash": "sha256-8S3Kcxs7D4UtxJxSJZz0m14CGhuW0MxfrIwJxeGWGnQ=",
        "owner": "NixOS",
        "repo": "nixpkgs",
        "rev": "279b4a8275f032c566576b3f181fa0f27197f588",
        "type": "github"
      },
      "original": {
        "owner": "NixOS",
        "ref": "nixos-unstable",
        "repo": "nixpkgs",
        "type": "github"
      }
    },
    "piSrc": {
      "flake": false,
      "locked": {
        "lastModified": 1786405153,
        "narHash": "sha256-YDKPbCFu+VDRSL3Tbj0soJjCk0y/AMHXt1kkfxZwsr0=",
        "owner": "earendil-works",
        "repo": "pi",
        "rev": "cd6852a123f2c0cc646a41a2a52f3711a603b822",
        "type": "github"
      },
      "original": {
        "owner": "earendil-works",
        "ref": "main",
        "repo": "pi",
        "type": "github"
      }
    },
    "root": {
      "inputs": {
        "nixpkgs": "nixpkgs",
        "piSrc": "piSrc"
      }
    }
  },
  "root": "root",
  "version": 7
}
